{
  "version": 4,
  "terraform_version": "0.15.4",
  "serial": 39,
  "lineage": "1bce7552-99b5-36a1-caeb-31b1c2b42242",
  "outputs": {},
  "resources": [
    {
      "mode": "data",
      "type": "aws_availability_zones",
      "name": "current_azs",
      "provider": "provider[\"registry.terraform.io/hashicorp/aws\"]",
      "instances": [
        {
          "schema_version": 0,
          "attributes": {
            "all_availability_zones": null,
            "exclude_names": null,
            "exclude_zone_ids": null,
            "filter": null,
            "group_names": [
              "us-west-2"
            ],
            "id": "us-west-2",
            "names": [
              "us-west-2a",
              "us-west-2b",
              "us-west-2c",
              "us-west-2d"
            ],
            "state": "available",
            "zone_ids": [
              "usw2-az2",
              "usw2-az1",
              "usw2-az3",
              "usw2-az4"
            ]
          },
          "sensitive_attributes": []
        }
      ]
    },
    {
      "module": "module.db",
      "mode": "managed",
      "type": "aws_db_instance",
      "name": "app_db",
      "provider": "provider[\"registry.terraform.io/hashicorp/aws\"]",
      "instances": [
        {
          "schema_version": 1,
          "attributes": {
            "address": "tmf632-20211125090149387300000006.cuxwazvnevqq.us-west-2.rds.amazonaws.com",
            "allocated_storage": 5,
            "allow_major_version_upgrade": null,
            "apply_immediately": null,
            "arn": "arn:aws:rds:us-west-2:139592438054:db:tmf632-20211125090149387300000006",
            "auto_minor_version_upgrade": true,
            "availability_zone": "us-west-2a",
            "backup_retention_period": 0,
            "backup_window": "09:07-09:37",
            "ca_cert_identifier": "rds-ca-2019",
            "character_set_name": "",
            "copy_tags_to_snapshot": false,
            "customer_owned_ip_enabled": false,
            "db_subnet_group_name": "rds-subnet-group",
            "delete_automated_backups": true,
            "deletion_protection": false,
            "domain": "",
            "domain_iam_role_name": "",
            "enabled_cloudwatch_logs_exports": null,
            "endpoint": "tmf632-20211125090149387300000006.cuxwazvnevqq.us-west-2.rds.amazonaws.com:3306",
            "engine": "mysql",
            "engine_version": "5.7",
            "engine_version_actual": "5.7.33",
            "final_snapshot_identifier": null,
            "hosted_zone_id": "Z1PVIF0B656C1W",
            "iam_database_authentication_enabled": false,
            "id": "tmf632-20211125090149387300000006",
            "identifier": "tmf632-20211125090149387300000006",
            "identifier_prefix": "tmf632-",
            "instance_class": "db.t3.micro",
            "iops": 0,
            "kms_key_id": "",
            "latest_restorable_time": "0001-01-01T00:00:00Z",
            "license_model": "general-public-license",
            "maintenance_window": "wed:06:52-wed:07:22",
            "max_allocated_storage": 0,
            "monitoring_interval": 0,
            "monitoring_role_arn": "",
            "multi_az": false,
            "name": "tmf632",
            "nchar_character_set_name": "",
            "option_group_name": "default:mysql-5-7",
            "parameter_group_name": "default.mysql5.7",
            "password": "P455w0rd",
            "performance_insights_enabled": false,
            "performance_insights_kms_key_id": "",
            "performance_insights_retention_period": 0,
            "port": 3306,
            "publicly_accessible": false,
            "replica_mode": "",
            "replicas": [],
            "replicate_source_db": "",
            "resource_id": "db-LVQPZMVKQ4SV74PQUC3KMQUEU4",
            "restore_to_point_in_time": [],
            "s3_import": [],
            "security_group_names": null,
            "skip_final_snapshot": true,
            "snapshot_identifier": null,
            "status": "available",
            "storage_encrypted": false,
            "storage_type": "gp2",
            "tags": {
              "Name": "rds-tmf632",
              "type": "mysql"
            },
            "tags_all": {
              "Name": "rds-tmf632",
              "type": "mysql"
            },
            "timeouts": null,
            "timezone": "",
            "username": "admin",
            "vpc_security_group_ids": [
              "sg-08231ec5a09c06242"
            ]
          },
          "sensitive_attributes": [
            [
              {
                "type": "get_attr",
                "value": "password"
              }
            ]
          ],
          "private": "eyJlMmJmYjczMC1lY2FhLTExZTYtOGY4OC0zNDM2M2JjN2M0YzAiOnsiY3JlYXRlIjoyNDAwMDAwMDAwMDAwLCJkZWxldGUiOjM2MDAwMDAwMDAwMDAsInVwZGF0ZSI6NDgwMDAwMDAwMDAwMH0sInNjaGVtYV92ZXJzaW9uIjoiMSJ9",
          "dependencies": [
            "data.aws_availability_zones.current_azs",
            "module.db.aws_db_subnet_group.rds_subnet_group",
            "module.db.aws_security_group.rds_sg",
            "module.vpc.aws_subnet.pub_subnets",
            "module.vpc.aws_vpc.main_vpc"
          ]
        }
      ]
    },
    {
      "module": "module.db",
      "mode": "managed",
      "type": "aws_db_subnet_group",
      "name": "rds_subnet_group",
      "provider": "provider[\"registry.terraform.io/hashicorp/aws\"]",
      "instances": [
        {
          "schema_version": 0,
          "attributes": {
            "arn": "arn:aws:rds:us-west-2:139592438054:subgrp:rds-subnet-group",
            "description": "Managed by Terraform",
            "id": "rds-subnet-group",
            "name": "rds-subnet-group",
            "name_prefix": null,
            "subnet_ids": [
              "subnet-003ddb869054c9e2b",
              "subnet-059e8273ad9858fca"
            ],
            "tags": {
              "type": "db-subnet-group"
            },
            "tags_all": {
              "type": "db-subnet-group"
            }
          },
          "sensitive_attributes": [],
          "private": "bnVsbA==",
          "dependencies": [
            "data.aws_availability_zones.current_azs",
            "module.vpc.aws_subnet.pub_subnets",
            "module.vpc.aws_vpc.main_vpc"
          ]
        }
      ]
    },
    {
      "module": "module.db",
      "mode": "managed",
      "type": "aws_security_group",
      "name": "rds_sg",
      "provider": "provider[\"registry.terraform.io/hashicorp/aws\"]",
      "instances": [
        {
          "schema_version": 1,
          "attributes": {
            "arn": "arn:aws:ec2:us-west-2:139592438054:security-group/sg-08231ec5a09c06242",
            "description": "Security group for RDS",
            "egress": [
              {
                "cidr_blocks": [
                  "0.0.0.0/0"
                ],
                "description": "Allow all traffic",
                "from_port": 0,
                "ipv6_cidr_blocks": [],
                "prefix_list_ids": [],
                "protocol": "-1",
                "security_groups": [],
                "self": false,
                "to_port": 0
              }
            ],
            "id": "sg-08231ec5a09c06242",
            "ingress": [
              {
                "cidr_blocks": [
                  "0.0.0.0/0"
                ],
                "description": "Allow mysql connectivity to ALL",
                "from_port": 3306,
                "ipv6_cidr_blocks": [],
                "prefix_list_ids": [],
                "protocol": "tcp",
                "security_groups": [],
                "self": false,
                "to_port": 3306
              }
            ],
            "name": "rds-sg",
            "name_prefix": "",
            "owner_id": "139592438054",
            "revoke_rules_on_delete": false,
            "tags": {
              "Name": "rds-sg"
            },
            "tags_all": {
              "Name": "rds-sg"
            },
            "timeouts": null,
            "vpc_id": "vpc-052c3ce93d2af1a6f"
          },
          "sensitive_attributes": [],
          "private": "eyJlMmJmYjczMC1lY2FhLTExZTYtOGY4OC0zNDM2M2JjN2M0YzAiOnsiY3JlYXRlIjo2MDAwMDAwMDAwMDAsImRlbGV0ZSI6OTAwMDAwMDAwMDAwfSwic2NoZW1hX3ZlcnNpb24iOiIxIn0=",
          "dependencies": [
            "module.vpc.aws_vpc.main_vpc"
          ]
        }
      ]
    },
    {
      "module": "module.eks",
      "mode": "data",
      "type": "aws_caller_identity",
      "name": "owner",
      "provider": "provider[\"registry.terraform.io/hashicorp/aws\"]",
      "instances": [
        {
          "schema_version": 0,
          "attributes": {
            "account_id": "139592438054",
            "arn": "arn:aws:iam::139592438054:user/pluralsight-bd61c8b5",
            "id": "139592438054",
            "user_id": "AIDASBAC3SETAA52NBMY5"
          },
          "sensitive_attributes": []
        }
      ]
    },
    {
      "module": "module.eks",
      "mode": "data",
      "type": "aws_eks_cluster",
      "name": "eks_cluster",
      "provider": "provider[\"registry.terraform.io/hashicorp/aws\"]",
      "instances": [
        {
          "schema_version": 0,
          "attributes": {
            "arn": "arn:aws:eks:us-west-2:139592438054:cluster/eks-cluster",
            "certificate_authority": [
              {
                "data": "LS0tLS1CRUdJTiBDRVJUSUZJQ0FURS0tLS0tCk1JSUM1ekNDQWMrZ0F3SUJBZ0lCQURBTkJna3Foa2lHOXcwQkFRc0ZBREFWTVJNd0VRWURWUVFERXdwcmRXSmwKY201bGRHVnpNQjRYRFRJeE1URXlOVEE1TURnd09Wb1hEVE14TVRFeU16QTVNRGd3T1Zvd0ZURVRNQkVHQTFVRQpBeE1LYTNWaVpYSnVaWFJsY3pDQ0FTSXdEUVlKS29aSWh2Y05BUUVCQlFBRGdnRVBBRENDQVFvQ2dnRUJBTU1wCmJEYnErKzVLdC9qRXh0NDZJNGtrVnMwZkhxUi9QaUNNU05nWDRBODQvVHp6SG5DeTJxVzJQRnVxNjBmUGZ1MHUKTUFvbGgvT0theENEaUZYYmlYRU05eWJHUHZNbTFYaEQvek04L244SkNib1FuY1QzcUhZTW1JWFFPK1QxN0hLdQpkdG5nVEZDRkZrNkZPY2ZVRVBaazcrcjA2QVRGbHVqNGNOQkthSjhlMXNEZGdsdVU5M290Q1FqQmFPa3NyWnVTCjN3UWtEUFdSS0gyZ1NXMU9PUU9zTFV3ZUZNbXFtSGRtZ095WTBoNnRFU1YrM2Urc3RoS0ltUUU2a21CRFYrRC8KUHZrVEpuUzJzMEV0aXU3UmJZSTQ3b3hscFZ0bHFVNFdPSmhUOHhJTWZab3M2UVRpTWVaOEx3aHAvcm1LYTlvWApTQy8zR00yeHRsLzFLSTRsa1AwQ0F3RUFBYU5DTUVBd0RnWURWUjBQQVFIL0JBUURBZ0trTUE4R0ExVWRFd0VCCi93UUZNQU1CQWY4d0hRWURWUjBPQkJZRUZKNDF5OFlOYkF5ZGdkdWM2enRDdnFlbmhkZTFNQTBHQ1NxR1NJYjMKRFFFQkN3VUFBNElCQVFBK0w4MVhOMUdsU0diNlJNM1FxZjlWZ24xemJEOVRvQjlrVWZpRnVwaEVENU8zNVRLVApoVC84K25aN255QjBaengzWG93dXExb0IvVndUbFVDWmg0VzBDazlpM3JLb1JHWkFiNGs0TmNRNmJtY1orN0lJCnJERjhuSHEzUGZKQVI2c2lPVEFhNlhtNjBnNU1Rd01jNWxWMG9vNEEraHhoZlZpRzFlb09qSEpNeWJkRUE3UTUKU2xhSE1rU1JaMGt0Q04rdmdFV3lFKzNWbW1qOUlVYUdZU2tiTlFwUXN5bUZ2Wk1iRzdPd015cEU0QUwwc2xQYgpjQTMvcUtQaG04K0ZqR3kvRHdVbmxsdlJlcE1FbC9UaU93VSs1eE5jYjhKMUhwekxpTi82Z3NKNC9HNXNFcHczCmJsY0ozeUZ4YjhpQWNST0hrcVUzWXZVQ1JoakNhQjMxZ2o2awotLS0tLUVORCBDRVJUSUZJQ0FURS0tLS0tCg=="
              }
            ],
            "created_at": "2021-11-25 09:01:58.648 +0000 UTC",
            "enabled_cluster_log_types": [],
            "endpoint": "https://7EFE8E097BD66083D810F854B71B3D7D.sk1.us-west-2.eks.amazonaws.com",
            "id": "eks-cluster",
            "identity": [
              {
                "oidc": [
                  {
                    "issuer": "https://oidc.eks.us-west-2.amazonaws.com/id/7EFE8E097BD66083D810F854B71B3D7D"
                  }
                ]
              }
            ],
            "kubernetes_network_config": [
              {
                "service_ipv4_cidr": "172.20.0.0/16"
              }
            ],
            "name": "eks-cluster",
            "platform_version": "eks.3",
            "role_arn": "arn:aws:iam::139592438054:role/eks-cluster-role",
            "status": "ACTIVE",
            "tags": {
              "node": "cluster"
            },
            "version": "1.21",
            "vpc_config": [
              {
                "cluster_security_group_id": "sg-04d81080f06aa3284",
                "endpoint_private_access": false,
                "endpoint_public_access": true,
                "public_access_cidrs": [
                  "0.0.0.0/0"
                ],
                "security_group_ids": [],
                "subnet_ids": [
                  "subnet-0593683053b351003",
                  "subnet-0ba64c084258c561d"
                ],
                "vpc_id": "vpc-052c3ce93d2af1a6f"
              }
            ]
          },
          "sensitive_attributes": []
        }
      ]
    },
    {
      "module": "module.eks",
      "mode": "data",
      "type": "aws_eks_cluster_auth",
      "name": "eks_cluster_auth",
      "provider": "provider[\"registry.terraform.io/hashicorp/aws\"]",
      "instances": [
        {
          "schema_version": 0,
          "attributes": {
            "id": "eks-cluster",
            "name": "eks-cluster",
            "token": "k8s-aws-v1.aHR0cHM6Ly9zdHMuYW1hem9uYXdzLmNvbS8_QWN0aW9uPUdldENhbGxlcklkZW50aXR5JlZlcnNpb249MjAxMS0wNi0xNSZYLUFtei1BbGdvcml0aG09QVdTNC1ITUFDLVNIQTI1NiZYLUFtei1DcmVkZW50aWFsPUFLSUFTQkFDM1NFVEdDN0NUUVg0JTJGMjAyMTExMjUlMkZ1cy1lYXN0LTElMkZzdHMlMkZhd3M0X3JlcXVlc3QmWC1BbXotRGF0ZT0yMDIxMTEyNVQwOTEyNTBaJlgtQW16LUV4cGlyZXM9MCZYLUFtei1TaWduZWRIZWFkZXJzPWhvc3QlM0J4LWs4cy1hd3MtaWQmWC1BbXotU2lnbmF0dXJlPTBhYjI4NzFmNjM5NzQ0ZWMzNjI2ZWEzYjRhNzJlMzdiNDU5NTY4NjdmNWI1ZGQ0NTZjMzRjMjRlOGQ1YjM3MjQ"
          },
          "sensitive_attributes": []
        }
      ]
    },
    {
      "module": "module.eks",
      "mode": "data",
      "type": "tls_certificate",
      "name": "oidc_issuer",
      "provider": "provider[\"registry.terraform.io/hashicorp/tls\"]",
      "instances": [
        {
          "schema_version": 0,
          "attributes": {
            "certificates": [
              {
                "is_ca": true,
                "issuer": "OU=Starfield Class 2 Certification Authority,O=Starfield Technologies\\, Inc.,C=US",
                "not_after": "2034-06-28T17:39:16Z",
                "not_before": "2009-09-02T00:00:00Z",
                "public_key_algorithm": "RSA",
                "serial_number": "12037640545166866303",
                "sha1_fingerprint": "9e99a48a9960b14926bb7f3b02e22da2b0ab7280",
                "signature_algorithm": "SHA256-RSA",
                "subject": "CN=Starfield Services Root Certificate Authority - G2,O=Starfield Technologies\\, Inc.,L=Scottsdale,ST=Arizona,C=US",
                "version": 3
              },
              {
                "is_ca": true,
                "issuer": "CN=Starfield Services Root Certificate Authority - G2,O=Starfield Technologies\\, Inc.,L=Scottsdale,ST=Arizona,C=US",
                "not_after": "2037-12-31T01:00:00Z",
                "not_before": "2015-05-25T12:00:00Z",
                "public_key_algorithm": "RSA",
                "serial_number": "144918191876577076464031512351042010504348870",
                "sha1_fingerprint": "06b25927c42a721631c1efd9431e648fa62e1e39",
                "signature_algorithm": "SHA256-RSA",
                "subject": "CN=Amazon Root CA 1,O=Amazon,C=US",
                "version": 3
              },
              {
                "is_ca": true,
                "issuer": "CN=Amazon Root CA 1,O=Amazon,C=US",
                "not_after": "2025-10-19T00:00:00Z",
                "not_before": "2015-10-22T00:00:00Z",
                "public_key_algorithm": "RSA",
                "serial_number": "144918209630989264145272943054026349679957517",
                "sha1_fingerprint": "917e732d330f9a12404f73d8bea36948b929dffc",
                "signature_algorithm": "SHA256-RSA",
                "subject": "CN=Amazon,OU=Server CA 1B,O=Amazon,C=US",
                "version": 3
              },
              {
                "is_ca": false,
                "issuer": "CN=Amazon,OU=Server CA 1B,O=Amazon,C=US",
                "not_after": "2022-07-11T23:59:59Z",
                "not_before": "2021-06-12T00:00:00Z",
                "public_key_algorithm": "RSA",
                "serial_number": "12350497962953920298741405291741352930",
                "sha1_fingerprint": "5a6dcd2137c572a977f26fe414671aea066f47bc",
                "signature_algorithm": "SHA256-RSA",
                "subject": "CN=oidc.eks.us-west-2.amazonaws.com",
                "version": 3
              }
            ],
            "id": "2021-11-25 09:12:51.7893268 +0000 UTC",
            "url": "https://oidc.eks.us-west-2.amazonaws.com/id/7EFE8E097BD66083D810F854B71B3D7D",
            "verify_chain": true
          },
          "sensitive_attributes": []
        }
      ]
    },
    {
      "module": "module.eks",
      "mode": "managed",
      "type": "aws_eks_cluster",
      "name": "eks_cluster",
      "provider": "provider[\"registry.terraform.io/hashicorp/aws\"]",
      "instances": [
        {
          "schema_version": 0,
          "attributes": {
            "arn": "arn:aws:eks:us-west-2:139592438054:cluster/eks-cluster",
            "certificate_authority": [
              {
                "data": "LS0tLS1CRUdJTiBDRVJUSUZJQ0FURS0tLS0tCk1JSUM1ekNDQWMrZ0F3SUJBZ0lCQURBTkJna3Foa2lHOXcwQkFRc0ZBREFWTVJNd0VRWURWUVFERXdwcmRXSmwKY201bGRHVnpNQjRYRFRJeE1URXlOVEE1TURnd09Wb1hEVE14TVRFeU16QTVNRGd3T1Zvd0ZURVRNQkVHQTFVRQpBeE1LYTNWaVpYSnVaWFJsY3pDQ0FTSXdEUVlKS29aSWh2Y05BUUVCQlFBRGdnRVBBRENDQVFvQ2dnRUJBTU1wCmJEYnErKzVLdC9qRXh0NDZJNGtrVnMwZkhxUi9QaUNNU05nWDRBODQvVHp6SG5DeTJxVzJQRnVxNjBmUGZ1MHUKTUFvbGgvT0theENEaUZYYmlYRU05eWJHUHZNbTFYaEQvek04L244SkNib1FuY1QzcUhZTW1JWFFPK1QxN0hLdQpkdG5nVEZDRkZrNkZPY2ZVRVBaazcrcjA2QVRGbHVqNGNOQkthSjhlMXNEZGdsdVU5M290Q1FqQmFPa3NyWnVTCjN3UWtEUFdSS0gyZ1NXMU9PUU9zTFV3ZUZNbXFtSGRtZ095WTBoNnRFU1YrM2Urc3RoS0ltUUU2a21CRFYrRC8KUHZrVEpuUzJzMEV0aXU3UmJZSTQ3b3hscFZ0bHFVNFdPSmhUOHhJTWZab3M2UVRpTWVaOEx3aHAvcm1LYTlvWApTQy8zR00yeHRsLzFLSTRsa1AwQ0F3RUFBYU5DTUVBd0RnWURWUjBQQVFIL0JBUURBZ0trTUE4R0ExVWRFd0VCCi93UUZNQU1CQWY4d0hRWURWUjBPQkJZRUZKNDF5OFlOYkF5ZGdkdWM2enRDdnFlbmhkZTFNQTBHQ1NxR1NJYjMKRFFFQkN3VUFBNElCQVFBK0w4MVhOMUdsU0diNlJNM1FxZjlWZ24xemJEOVRvQjlrVWZpRnVwaEVENU8zNVRLVApoVC84K25aN255QjBaengzWG93dXExb0IvVndUbFVDWmg0VzBDazlpM3JLb1JHWkFiNGs0TmNRNmJtY1orN0lJCnJERjhuSHEzUGZKQVI2c2lPVEFhNlhtNjBnNU1Rd01jNWxWMG9vNEEraHhoZlZpRzFlb09qSEpNeWJkRUE3UTUKU2xhSE1rU1JaMGt0Q04rdmdFV3lFKzNWbW1qOUlVYUdZU2tiTlFwUXN5bUZ2Wk1iRzdPd015cEU0QUwwc2xQYgpjQTMvcUtQaG04K0ZqR3kvRHdVbmxsdlJlcE1FbC9UaU93VSs1eE5jYjhKMUhwekxpTi82Z3NKNC9HNXNFcHczCmJsY0ozeUZ4YjhpQWNST0hrcVUzWXZVQ1JoakNhQjMxZ2o2awotLS0tLUVORCBDRVJUSUZJQ0FURS0tLS0tCg=="
              }
            ],
            "created_at": "2021-11-25 09:01:58.648 +0000 UTC",
            "enabled_cluster_log_types": null,
            "encryption_config": [],
            "endpoint": "https://7EFE8E097BD66083D810F854B71B3D7D.sk1.us-west-2.eks.amazonaws.com",
            "id": "eks-cluster",
            "identity": [
              {
                "oidc": [
                  {
                    "issuer": "https://oidc.eks.us-west-2.amazonaws.com/id/7EFE8E097BD66083D810F854B71B3D7D"
                  }
                ]
              }
            ],
            "kubernetes_network_config": [
              {
                "service_ipv4_cidr": "172.20.0.0/16"
              }
            ],
            "name": "eks-cluster",
            "platform_version": "eks.3",
            "role_arn": "arn:aws:iam::139592438054:role/eks-cluster-role",
            "status": "ACTIVE",
            "tags": {
              "node": "cluster"
            },
            "tags_all": {
              "node": "cluster"
            },
            "timeouts": null,
            "version": "1.21",
            "vpc_config": [
              {
                "cluster_security_group_id": "sg-04d81080f06aa3284",
                "endpoint_private_access": false,
                "endpoint_public_access": true,
                "public_access_cidrs": [
                  "0.0.0.0/0"
                ],
                "security_group_ids": null,
                "subnet_ids": [
                  "subnet-0593683053b351003",
                  "subnet-0ba64c084258c561d"
                ],
                "vpc_id": "vpc-052c3ce93d2af1a6f"
              }
            ]
          },
          "sensitive_attributes": [],
          "private": "eyJlMmJmYjczMC1lY2FhLTExZTYtOGY4OC0zNDM2M2JjN2M0YzAiOnsiY3JlYXRlIjoxODAwMDAwMDAwMDAwLCJkZWxldGUiOjkwMDAwMDAwMDAwMCwidXBkYXRlIjozNjAwMDAwMDAwMDAwfX0=",
          "dependencies": [
            "data.aws_availability_zones.current_azs",
            "module.eks.aws_iam_role.eks_cluster_role",
            "module.eks.aws_iam_role_policy_attachment.cluster_iam_eksclusterpolicy",
            "module.eks.aws_iam_role_policy_attachment.cluster_iam_eksservicepolicy",
            "module.eks.aws_subnet.eks_subnet",
            "module.vpc.aws_vpc.main_vpc"
          ]
        }
      ]
    },
    {
      "module": "module.eks",
      "mode": "managed",
      "type": "aws_eks_node_group",
      "name": "eks_nodes",
      "provider": "provider[\"registry.terraform.io/hashicorp/aws\"]",
      "instances": [
        {
          "schema_version": 0,
          "attributes": {
            "ami_type": "AL2_x86_64",
            "arn": "arn:aws:eks:us-west-2:139592438054:nodegroup/eks-cluster/eks-node/3ebeab2f-3d0e-b6a9-2453-c80d199714dd",
            "capacity_type": "ON_DEMAND",
            "cluster_name": "eks-cluster",
            "disk_size": 20,
            "force_update_version": null,
            "id": "eks-cluster:eks-node",
            "instance_types": [
              "t2.small"
            ],
            "labels": null,
            "launch_template": [],
            "node_group_name": "eks-node",
            "node_group_name_prefix": "",
            "node_role_arn": "arn:aws:iam::139592438054:role/eks-worker-role",
            "release_version": "1.21.5-20211117",
            "remote_access": [],
            "resources": [
              {
                "autoscaling_groups": [
                  {
                    "name": "eks-eks-node-3ebeab2f-3d0e-b6a9-2453-c80d199714dd"
                  }
                ],
                "remote_access_security_group_id": ""
              }
            ],
            "scaling_config": [
              {
                "desired_size": 2,
                "max_size": 4,
                "min_size": 1
              }
            ],
            "status": "ACTIVE",
            "subnet_ids": [
              "subnet-0593683053b351003",
              "subnet-0ba64c084258c561d"
            ],
            "tags": null,
            "tags_all": {},
            "taint": [],
            "timeouts": null,
            "update_config": [
              {
                "max_unavailable": 1,
                "max_unavailable_percentage": 0
              }
            ],
            "version": "1.21"
          },
          "sensitive_attributes": [],
          "private": "eyJlMmJmYjczMC1lY2FhLTExZTYtOGY4OC0zNDM2M2JjN2M0YzAiOnsiY3JlYXRlIjozNjAwMDAwMDAwMDAwLCJkZWxldGUiOjM2MDAwMDAwMDAwMDAsInVwZGF0ZSI6MzYwMDAwMDAwMDAwMH19",
          "dependencies": [
            "data.aws_availability_zones.current_azs",
            "module.eks.aws_eks_cluster.eks_cluster",
            "module.eks.aws_iam_role.eks_cluster_role",
            "module.eks.aws_iam_role.eks_worker_role",
            "module.eks.aws_iam_role_policy_attachment.cluster_iam_eksclusterpolicy",
            "module.eks.aws_iam_role_policy_attachment.cluster_iam_eksservicepolicy",
            "module.eks.aws_iam_role_policy_attachment.worker_iam_cnipolicy",
            "module.eks.aws_iam_role_policy_attachment.worker_iam_nodepolicy",
            "module.eks.aws_iam_role_policy_attachment.worker_iam_registrypolicy",
            "module.eks.aws_subnet.eks_subnet",
            "module.vpc.aws_vpc.main_vpc"
          ]
        }
      ]
    },
    {
      "module": "module.eks",
      "mode": "managed",
      "type": "aws_iam_instance_profile",
      "name": "worker_node_profile",
      "provider": "provider[\"registry.terraform.io/hashicorp/aws\"]",
      "instances": [
        {
          "schema_version": 0,
          "attributes": {
            "arn": "arn:aws:iam::139592438054:instance-profile/worker-node",
            "create_date": "2021-11-25T09:01:19Z",
            "id": "worker-node",
            "name": "worker-node",
            "name_prefix": null,
            "path": "/",
            "role": "eks-worker-role",
            "tags": null,
            "tags_all": {},
            "unique_id": "AIPASBAC3SETF5POO4VIZ"
          },
          "sensitive_attributes": [],
          "private": "bnVsbA==",
          "dependencies": [
            "module.eks.aws_iam_role.eks_worker_role"
          ]
        }
      ]
    },
    {
      "module": "module.eks",
      "mode": "managed",
      "type": "aws_iam_openid_connect_provider",
      "name": "eks_oidc",
      "provider": "provider[\"registry.terraform.io/hashicorp/aws\"]",
      "instances": [
        {
          "schema_version": 0,
          "attributes": {
            "arn": "arn:aws:iam::139592438054:oidc-provider/oidc.eks.us-west-2.amazonaws.com/id/7EFE8E097BD66083D810F854B71B3D7D",
            "client_id_list": [
              "sts.amazonaws.com"
            ],
            "id": "arn:aws:iam::139592438054:oidc-provider/oidc.eks.us-west-2.amazonaws.com/id/7EFE8E097BD66083D810F854B71B3D7D",
            "tags": null,
            "tags_all": {},
            "thumbprint_list": [
              "9e99a48a9960b14926bb7f3b02e22da2b0ab7280"
            ],
            "url": "oidc.eks.us-west-2.amazonaws.com/id/7EFE8E097BD66083D810F854B71B3D7D"
          },
          "sensitive_attributes": [],
          "private": "bnVsbA==",
          "dependencies": [
            "data.aws_availability_zones.current_azs",
            "module.eks.aws_eks_cluster.eks_cluster",
            "module.eks.aws_iam_role.eks_cluster_role",
            "module.eks.aws_iam_role_policy_attachment.cluster_iam_eksclusterpolicy",
            "module.eks.aws_iam_role_policy_attachment.cluster_iam_eksservicepolicy",
            "module.eks.aws_subnet.eks_subnet",
            "module.eks.data.tls_certificate.oidc_issuer",
            "module.vpc.aws_vpc.main_vpc"
          ]
        }
      ]
    },
    {
      "module": "module.eks",
      "mode": "managed",
      "type": "aws_iam_policy",
      "name": "eks_albcontrollerpolicy",
      "provider": "provider[\"registry.terraform.io/hashicorp/aws\"]",
      "instances": [
        {
          "schema_version": 0,
          "attributes": {
            "arn": "arn:aws:iam::139592438054:policy/AWSLoadBalancerControllerIAMPolicy",
            "description": "",
            "id": "arn:aws:iam::139592438054:policy/AWSLoadBalancerControllerIAMPolicy",
            "name": "AWSLoadBalancerControllerIAMPolicy",
            "name_prefix": null,
            "path": "/",
            "policy": "{\r\n    \"Version\": \"2012-10-17\",\r\n    \"Statement\": [\r\n        {\r\n            \"Sid\": \"VisualEditor0\",\r\n            \"Effect\": \"Allow\",\r\n            \"Action\": [\r\n                \"elasticloadbalancing:ModifyListener\",\r\n                \"ec2:AuthorizeSecurityGroupIngress\",\r\n                \"wafv2:AssociateWebACL\",\r\n                \"ec2:DescribeInstances\",\r\n                \"wafv2:GetWebACLForResource\",\r\n                \"elasticloadbalancing:RegisterTargets\",\r\n                \"iam:ListServerCertificates\",\r\n                \"wafv2:GetWebACL\",\r\n                \"elasticloadbalancing:SetIpAddressType\",\r\n                \"elasticloadbalancing:DeleteLoadBalancer\",\r\n                \"elasticloadbalancing:SetWebAcl\",\r\n                \"ec2:DescribeInternetGateways\",\r\n                \"elasticloadbalancing:DescribeLoadBalancers\",\r\n                \"waf-regional:GetWebACLForResource\",\r\n                \"acm:GetCertificate\",\r\n                \"shield:DescribeSubscription\",\r\n                \"waf-regional:GetWebACL\",\r\n                \"elasticloadbalancing:CreateRule\",\r\n                \"ec2:DescribeAccountAttributes\",\r\n                \"elasticloadbalancing:AddListenerCertificates\",\r\n                \"elasticloadbalancing:ModifyTargetGroupAttributes\",\r\n                \"waf:GetWebACL\",\r\n                \"iam:GetServerCertificate\",\r\n                \"wafv2:DisassociateWebACL\",\r\n                \"shield:GetSubscriptionState\",\r\n                \"ec2:CreateTags\",\r\n                \"elasticloadbalancing:CreateTargetGroup\",\r\n                \"ec2:ModifyNetworkInterfaceAttribute\",\r\n                \"elasticloadbalancing:DeregisterTargets\",\r\n                \"elasticloadbalancing:DescribeLoadBalancerAttributes\",\r\n                \"ec2:RevokeSecurityGroupIngress\",\r\n                \"elasticloadbalancing:DescribeTargetGroupAttributes\",\r\n                \"shield:CreateProtection\",\r\n                \"acm:DescribeCertificate\",\r\n                \"elasticloadbalancing:ModifyRule\",\r\n                \"elasticloadbalancing:AddTags\",\r\n                \"elasticloadbalancing:DescribeRules\",\r\n                \"ec2:DescribeSubnets\",\r\n                \"elasticloadbalancing:ModifyLoadBalancerAttributes\",\r\n                \"waf-regional:AssociateWebACL\",\r\n                \"tag:GetResources\",\r\n                \"ec2:DescribeAddresses\",\r\n                \"ec2:DeleteTags\",\r\n                \"shield:DescribeProtection\",\r\n                \"shield:DeleteProtection\",\r\n                \"elasticloadbalancing:RemoveListenerCertificates\",\r\n                \"tag:TagResources\",\r\n                \"elasticloadbalancing:RemoveTags\",\r\n                \"elasticloadbalancing:CreateListener\",\r\n                \"elasticloadbalancing:DescribeListeners\",\r\n                \"ec2:DescribeNetworkInterfaces\",\r\n                \"ec2:CreateSecurityGroup\",\r\n                \"acm:ListCertificates\",\r\n                \"elasticloadbalancing:DescribeListenerCertificates\",\r\n                \"ec2:ModifyInstanceAttribute\",\r\n                \"elasticloadbalancing:DeleteRule\",\r\n                \"cognito-idp:DescribeUserPoolClient\",\r\n                \"ec2:DescribeInstanceStatus\",\r\n                \"elasticloadbalancing:DescribeSSLPolicies\",\r\n                \"elasticloadbalancing:CreateLoadBalancer\",\r\n                \"waf-regional:DisassociateWebACL\",\r\n                \"elasticloadbalancing:DescribeTags\",\r\n                \"ec2:DescribeTags\",\r\n                \"elasticloadbalancing:*\",\r\n                \"elasticloadbalancing:SetSubnets\",\r\n                \"elasticloadbalancing:DeleteTargetGroup\",\r\n                \"ec2:DescribeSecurityGroups\",\r\n                \"iam:CreateServiceLinkedRole\",\r\n                \"ec2:DescribeVpcs\",\r\n                \"ec2:DeleteSecurityGroup\",\r\n                \"elasticloadbalancing:DescribeTargetHealth\",\r\n                \"elasticloadbalancing:SetSecurityGroups\",\r\n                \"elasticloadbalancing:DescribeTargetGroups\",\r\n                \"shield:ListProtections\",\r\n                \"elasticloadbalancing:ModifyTargetGroup\",\r\n                \"elasticloadbalancing:DeleteListener\"\r\n            ],\r\n            \"Resource\": \"*\"\r\n        }\r\n    ]\r\n}",
            "policy_id": "ANPASBAC3SETNNJNHWWQV",
            "tags": {
              "Name": "AWSLoadBalancerControllerIAMPolicy"
            },
            "tags_all": {
              "Name": "AWSLoadBalancerControllerIAMPolicy"
            }
          },
          "sensitive_attributes": [],
          "private": "bnVsbA=="
        }
      ]
    },
    {
      "module": "module.eks",
      "mode": "managed",
      "type": "aws_iam_role",
      "name": "eks_albingresscontroller_role",
      "provider": "provider[\"registry.terraform.io/hashicorp/aws\"]",
      "instances": [
        {
          "schema_version": 0,
          "attributes": {
            "arn": "arn:aws:iam::139592438054:role/AmazonEKSLoadBalancerControllerRole",
            "assume_role_policy": "{\"Version\":\"2012-10-17\",\"Statement\":[{\"Effect\":\"Allow\",\"Principal\":{\"Federated\":\"arn:aws:iam::139592438054:oidc-provider/oidc.eks.us-west-2.amazonaws.com/id/7EFE8E097BD66083D810F854B71B3D7D\"},\"Action\":\"sts:AssumeRoleWithWebIdentity\",\"Condition\":{\"StringEquals\":{\"oidc.eks.us-west-2.amazonaws.com/id/7EFE8E097BD66083D810F854B71B3D7D:sub\":\"system:serviceaccount:kube-system:alb-ingress-controller\"}}}]}",
            "create_date": "2021-11-25T09:12:53Z",
            "description": "Permissions required by the Kubernetes AWS ALB Ingress controller to do it's job.",
            "force_detach_policies": true,
            "id": "AmazonEKSLoadBalancerControllerRole",
            "inline_policy": [
              {
                "name": "",
                "policy": ""
              }
            ],
            "managed_policy_arns": [],
            "max_session_duration": 3600,
            "name": "AmazonEKSLoadBalancerControllerRole",
            "name_prefix": "",
            "path": "/",
            "permissions_boundary": null,
            "tags": {
              "node": "cluster"
            },
            "tags_all": {
              "node": "cluster"
            },
            "unique_id": "AROASBAC3SETICFR5ODSY"
          },
          "sensitive_attributes": [],
          "private": "bnVsbA==",
          "dependencies": [
            "data.aws_availability_zones.current_azs",
            "module.eks.aws_eks_cluster.eks_cluster",
            "module.eks.aws_iam_role.eks_cluster_role",
            "module.eks.aws_iam_role_policy_attachment.cluster_iam_eksclusterpolicy",
            "module.eks.aws_iam_role_policy_attachment.cluster_iam_eksservicepolicy",
            "module.eks.aws_subnet.eks_subnet",
            "module.eks.data.aws_caller_identity.owner",
            "module.eks.data.aws_eks_cluster.eks_cluster",
            "module.vpc.aws_vpc.main_vpc"
          ]
        }
      ]
    },
    {
      "module": "module.eks",
      "mode": "managed",
      "type": "aws_iam_role",
      "name": "eks_cluster_role",
      "provider": "provider[\"registry.terraform.io/hashicorp/aws\"]",
      "instances": [
        {
          "schema_version": 0,
          "attributes": {
            "arn": "arn:aws:iam::139592438054:role/eks-cluster-role",
            "assume_role_policy": "{\"Version\":\"2012-10-17\",\"Statement\":[{\"Effect\":\"Allow\",\"Principal\":{\"Service\":\"eks.amazonaws.com\"},\"Action\":\"sts:AssumeRole\"}]}",
            "create_date": "2021-11-25T09:01:15Z",
            "description": "",
            "force_detach_policies": false,
            "id": "eks-cluster-role",
            "inline_policy": [
              {
                "name": "",
                "policy": ""
              }
            ],
            "managed_policy_arns": [],
            "max_session_duration": 3600,
            "name": "eks-cluster-role",
            "name_prefix": "",
            "path": "/",
            "permissions_boundary": null,
            "tags": {
              "node": "cluster"
            },
            "tags_all": {
              "node": "cluster"
            },
            "unique_id": "AROASBAC3SETIJSFAQOJ6"
          },
          "sensitive_attributes": [],
          "private": "bnVsbA=="
        }
      ]
    },
    {
      "module": "module.eks",
      "mode": "managed",
      "type": "aws_iam_role",
      "name": "eks_worker_role",
      "provider": "provider[\"registry.terraform.io/hashicorp/aws\"]",
      "instances": [
        {
          "schema_version": 0,
          "attributes": {
            "arn": "arn:aws:iam::139592438054:role/eks-worker-role",
            "assume_role_policy": "{\"Version\":\"2012-10-17\",\"Statement\":[{\"Effect\":\"Allow\",\"Principal\":{\"Service\":\"ec2.amazonaws.com\"},\"Action\":\"sts:AssumeRole\"}]}",
            "create_date": "2021-11-25T09:01:15Z",
            "description": "",
            "force_detach_policies": false,
            "id": "eks-worker-role",
            "inline_policy": [
              {
                "name": "",
                "policy": ""
              }
            ],
            "managed_policy_arns": [],
            "max_session_duration": 3600,
            "name": "eks-worker-role",
            "name_prefix": "",
            "path": "/",
            "permissions_boundary": null,
            "tags": {
              "node": "worker"
            },
            "tags_all": {
              "node": "worker"
            },
            "unique_id": "AROASBAC3SETO2ZZ5PYWO"
          },
          "sensitive_attributes": [],
          "private": "bnVsbA=="
        }
      ]
    },
    {
      "module": "module.eks",
      "mode": "managed",
      "type": "aws_iam_role_policy_attachment",
      "name": "cluster_iam_eksclusterpolicy",
      "provider": "provider[\"registry.terraform.io/hashicorp/aws\"]",
      "instances": [
        {
          "schema_version": 0,
          "attributes": {
            "id": "eks-cluster-role-20211125090119268600000001",
            "policy_arn": "arn:aws:iam::aws:policy/AmazonEKSClusterPolicy",
            "role": "eks-cluster-role"
          },
          "sensitive_attributes": [],
          "private": "bnVsbA==",
          "dependencies": [
            "module.eks.aws_iam_role.eks_cluster_role"
          ]
        }
      ]
    },
    {
      "module": "module.eks",
      "mode": "managed",
      "type": "aws_iam_role_policy_attachment",
      "name": "cluster_iam_eksservicepolicy",
      "provider": "provider[\"registry.terraform.io/hashicorp/aws\"]",
      "instances": [
        {
          "schema_version": 0,
          "attributes": {
            "id": "eks-cluster-role-20211125090119343400000005",
            "policy_arn": "arn:aws:iam::aws:policy/AmazonEKSServicePolicy",
            "role": "eks-cluster-role"
          },
          "sensitive_attributes": [],
          "private": "bnVsbA==",
          "dependencies": [
            "module.eks.aws_iam_role.eks_cluster_role"
          ]
        }
      ]
    },
    {
      "module": "module.eks",
      "mode": "managed",
      "type": "aws_iam_role_policy_attachment",
      "name": "eks_albingresscontrolleraiampolicy",
      "provider": "provider[\"registry.terraform.io/hashicorp/aws\"]",
      "instances": [
        {
          "schema_version": 0,
          "attributes": {
            "id": "AmazonEKSLoadBalancerControllerRole-20211125091257631700000008",
            "policy_arn": "arn:aws:iam::139592438054:policy/AWSLoadBalancerControllerIAMPolicy",
            "role": "AmazonEKSLoadBalancerControllerRole"
          },
          "sensitive_attributes": [],
          "private": "bnVsbA==",
          "dependencies": [
            "data.aws_availability_zones.current_azs",
            "module.eks.aws_eks_cluster.eks_cluster",
            "module.eks.aws_iam_policy.eks_albcontrollerpolicy",
            "module.eks.aws_iam_role.eks_albingresscontroller_role",
            "module.eks.aws_iam_role.eks_cluster_role",
            "module.eks.aws_iam_role_policy_attachment.cluster_iam_eksclusterpolicy",
            "module.eks.aws_iam_role_policy_attachment.cluster_iam_eksservicepolicy",
            "module.eks.aws_subnet.eks_subnet",
            "module.eks.data.aws_caller_identity.owner",
            "module.eks.data.aws_eks_cluster.eks_cluster",
            "module.vpc.aws_vpc.main_vpc"
          ]
        }
      ]
    },
    {
      "module": "module.eks",
      "mode": "managed",
      "type": "aws_iam_role_policy_attachment",
      "name": "worker_iam_cnipolicy",
      "provider": "provider[\"registry.terraform.io/hashicorp/aws\"]",
      "instances": [
        {
          "schema_version": 0,
          "attributes": {
            "id": "eks-worker-role-20211125090119299700000004",
            "policy_arn": "arn:aws:iam::aws:policy/AmazonEKS_CNI_Policy",
            "role": "eks-worker-role"
          },
          "sensitive_attributes": [],
          "private": "bnVsbA==",
          "dependencies": [
            "module.eks.aws_iam_role.eks_worker_role"
          ]
        }
      ]
    },
    {
      "module": "module.eks",
      "mode": "managed",
      "type": "aws_iam_role_policy_attachment",
      "name": "worker_iam_nodepolicy",
      "provider": "provider[\"registry.terraform.io/hashicorp/aws\"]",
      "instances": [
        {
          "schema_version": 0,
          "attributes": {
            "id": "eks-worker-role-20211125090119291900000003",
            "policy_arn": "arn:aws:iam::aws:policy/AmazonEKSWorkerNodePolicy",
            "role": "eks-worker-role"
          },
          "sensitive_attributes": [],
          "private": "bnVsbA==",
          "dependencies": [
            "module.eks.aws_iam_role.eks_worker_role"
          ]
        }
      ]
    },
    {
      "module": "module.eks",
      "mode": "managed",
      "type": "aws_iam_role_policy_attachment",
      "name": "worker_iam_registrypolicy",
      "provider": "provider[\"registry.terraform.io/hashicorp/aws\"]",
      "instances": [
        {
          "schema_version": 0,
          "attributes": {
            "id": "eks-worker-role-20211125090119291900000002",
            "policy_arn": "arn:aws:iam::aws:policy/AmazonEC2ContainerRegistryReadOnly",
            "role": "eks-worker-role"
          },
          "sensitive_attributes": [],
          "private": "bnVsbA==",
          "dependencies": [
            "module.eks.aws_iam_role.eks_worker_role"
          ]
        }
      ]
    },
    {
      "module": "module.eks",
      "mode": "managed",
      "type": "aws_route",
      "name": "eks_route",
      "provider": "provider[\"registry.terraform.io/hashicorp/aws\"]",
      "instances": [
        {
          "schema_version": 0,
          "attributes": {
            "carrier_gateway_id": "",
            "destination_cidr_block": "0.0.0.0/0",
            "destination_ipv6_cidr_block": "",
            "destination_prefix_list_id": "",
            "egress_only_gateway_id": "",
            "gateway_id": "igw-0f69f76d176674cdf",
            "id": "r-rtb-0dd4e0fb8e235fb481080289494",
            "instance_id": "",
            "instance_owner_id": "",
            "local_gateway_id": "",
            "nat_gateway_id": "",
            "network_interface_id": "",
            "origin": "CreateRoute",
            "route_table_id": "rtb-0dd4e0fb8e235fb48",
            "state": "active",
            "timeouts": null,
            "transit_gateway_id": "",
            "vpc_endpoint_id": "",
            "vpc_peering_connection_id": ""
          },
          "sensitive_attributes": [],
          "private": "eyJlMmJmYjczMC1lY2FhLTExZTYtOGY4OC0zNDM2M2JjN2M0YzAiOnsiY3JlYXRlIjoxMjAwMDAwMDAwMDAsImRlbGV0ZSI6MzAwMDAwMDAwMDAwLCJ1cGRhdGUiOjEyMDAwMDAwMDAwMH19",
          "dependencies": [
            "module.eks.aws_route_table.eks_route_tbl",
            "module.vpc.aws_internet_gateway.main_vpc_gw",
            "module.vpc.aws_vpc.main_vpc"
          ]
        }
      ]
    },
    {
      "module": "module.eks",
      "mode": "managed",
      "type": "aws_route_table",
      "name": "eks_route_tbl",
      "provider": "provider[\"registry.terraform.io/hashicorp/aws\"]",
      "instances": [
        {
          "schema_version": 0,
          "attributes": {
            "arn": "arn:aws:ec2:us-west-2:139592438054:route-table/rtb-0dd4e0fb8e235fb48",
            "id": "rtb-0dd4e0fb8e235fb48",
            "owner_id": "139592438054",
            "propagating_vgws": [],
            "route": [],
            "tags": {
              "Name": "eks-route-table"
            },
            "tags_all": {
              "Name": "eks-route-table"
            },
            "timeouts": null,
            "vpc_id": "vpc-052c3ce93d2af1a6f"
          },
          "sensitive_attributes": [],
          "private": "eyJlMmJmYjczMC1lY2FhLTExZTYtOGY4OC0zNDM2M2JjN2M0YzAiOnsiY3JlYXRlIjoxMjAwMDAwMDAwMDAsImRlbGV0ZSI6MzAwMDAwMDAwMDAwLCJ1cGRhdGUiOjEyMDAwMDAwMDAwMH19",
          "dependencies": [
            "module.vpc.aws_vpc.main_vpc"
          ]
        }
      ]
    },
    {
      "module": "module.eks",
      "mode": "managed",
      "type": "aws_route_table_association",
      "name": "eks_subnet_rt_associattion",
      "provider": "provider[\"registry.terraform.io/hashicorp/aws\"]",
      "instances": [
        {
          "index_key": 0,
          "schema_version": 0,
          "attributes": {
            "gateway_id": "",
            "id": "rtbassoc-02fabeb4a00bbe844",
            "route_table_id": "rtb-0dd4e0fb8e235fb48",
            "subnet_id": "subnet-0ba64c084258c561d"
          },
          "sensitive_attributes": [],
          "private": "bnVsbA==",
          "dependencies": [
            "data.aws_availability_zones.current_azs",
            "module.eks.aws_route_table.eks_route_tbl",
            "module.eks.aws_subnet.eks_subnet",
            "module.vpc.aws_vpc.main_vpc"
          ]
        },
        {
          "index_key": 1,
          "schema_version": 0,
          "attributes": {
            "gateway_id": "",
            "id": "rtbassoc-026f1aab76fd029e1",
            "route_table_id": "rtb-0dd4e0fb8e235fb48",
            "subnet_id": "subnet-0593683053b351003"
          },
          "sensitive_attributes": [],
          "private": "bnVsbA==",
          "dependencies": [
            "data.aws_availability_zones.current_azs",
            "module.eks.aws_route_table.eks_route_tbl",
            "module.eks.aws_subnet.eks_subnet",
            "module.vpc.aws_vpc.main_vpc"
          ]
        }
      ]
    },
    {
      "module": "module.eks",
      "mode": "managed",
      "type": "aws_subnet",
      "name": "eks_subnet",
      "provider": "provider[\"registry.terraform.io/hashicorp/aws\"]",
      "instances": [
        {
          "index_key": 0,
          "schema_version": 1,
          "attributes": {
            "arn": "arn:aws:ec2:us-west-2:139592438054:subnet/subnet-0ba64c084258c561d",
            "assign_ipv6_address_on_creation": false,
            "availability_zone": "us-west-2a",
            "availability_zone_id": "usw2-az2",
            "cidr_block": "10.0.2.0/24",
            "customer_owned_ipv4_pool": "",
            "id": "subnet-0ba64c084258c561d",
            "ipv6_cidr_block": "",
            "ipv6_cidr_block_association_id": "",
            "map_customer_owned_ip_on_launch": false,
            "map_public_ip_on_launch": true,
            "outpost_arn": "",
            "owner_id": "139592438054",
            "tags": {
              "Name": "subnet-eks-2a",
              "kubernetes.io/cluster/eks-cluster": "shared",
              "kubernetes.io/role/elb": "1"
            },
            "tags_all": {
              "Name": "subnet-eks-2a",
              "kubernetes.io/cluster/eks-cluster": "shared",
              "kubernetes.io/role/elb": "1"
            },
            "timeouts": null,
            "vpc_id": "vpc-052c3ce93d2af1a6f"
          },
          "sensitive_attributes": [],
          "private": "eyJlMmJmYjczMC1lY2FhLTExZTYtOGY4OC0zNDM2M2JjN2M0YzAiOnsiY3JlYXRlIjo2MDAwMDAwMDAwMDAsImRlbGV0ZSI6MTIwMDAwMDAwMDAwMH0sInNjaGVtYV92ZXJzaW9uIjoiMSJ9",
          "dependencies": [
            "data.aws_availability_zones.current_azs",
            "module.vpc.aws_vpc.main_vpc"
          ]
        },
        {
          "index_key": 1,
          "schema_version": 1,
          "attributes": {
            "arn": "arn:aws:ec2:us-west-2:139592438054:subnet/subnet-0593683053b351003",
            "assign_ipv6_address_on_creation": false,
            "availability_zone": "us-west-2b",
            "availability_zone_id": "usw2-az1",
            "cidr_block": "10.0.3.0/24",
            "customer_owned_ipv4_pool": "",
            "id": "subnet-0593683053b351003",
            "ipv6_cidr_block": "",
            "ipv6_cidr_block_association_id": "",
            "map_customer_owned_ip_on_launch": false,
            "map_public_ip_on_launch": true,
            "outpost_arn": "",
            "owner_id": "139592438054",
            "tags": {
              "Name": "subnet-eks-2b",
              "kubernetes.io/cluster/eks-cluster": "shared",
              "kubernetes.io/role/elb": "1"
            },
            "tags_all": {
              "Name": "subnet-eks-2b",
              "kubernetes.io/cluster/eks-cluster": "shared",
              "kubernetes.io/role/elb": "1"
            },
            "timeouts": null,
            "vpc_id": "vpc-052c3ce93d2af1a6f"
          },
          "sensitive_attributes": [],
          "private": "eyJlMmJmYjczMC1lY2FhLTExZTYtOGY4OC0zNDM2M2JjN2M0YzAiOnsiY3JlYXRlIjo2MDAwMDAwMDAwMDAsImRlbGV0ZSI6MTIwMDAwMDAwMDAwMH0sInNjaGVtYV92ZXJzaW9uIjoiMSJ9",
          "dependencies": [
            "data.aws_availability_zones.current_azs",
            "module.vpc.aws_vpc.main_vpc"
          ]
        }
      ]
    },
    {
      "module": "module.vpc",
      "mode": "managed",
      "type": "aws_cloudwatch_log_group",
      "name": "vpc_log_group",
      "provider": "provider[\"registry.terraform.io/hashicorp/aws\"]",
      "instances": [
        {
          "schema_version": 0,
          "attributes": {
            "arn": "arn:aws:logs:us-west-2:139592438054:log-group:tmf-vpc-log-group",
            "id": "tmf-vpc-log-group",
            "kms_key_id": "",
            "name": "tmf-vpc-log-group",
            "name_prefix": null,
            "retention_in_days": 0,
            "tags": {
              "Name": "tmf-vpc-log-group"
            },
            "tags_all": {
              "Name": "tmf-vpc-log-group"
            }
          },
          "sensitive_attributes": [],
          "private": "bnVsbA=="
        }
      ]
    },
    {
      "module": "module.vpc",
      "mode": "managed",
      "type": "aws_iam_role",
      "name": "vpc_logger_role",
      "provider": "provider[\"registry.terraform.io/hashicorp/aws\"]",
      "instances": [
        {
          "schema_version": 0,
          "attributes": {
            "arn": "arn:aws:iam::139592438054:role/vpc-logger-role",
            "assume_role_policy": "{\"Version\":\"2012-10-17\",\"Statement\":[{\"Sid\":\"\",\"Effect\":\"Allow\",\"Principal\":{\"Service\":\"vpc-flow-logs.amazonaws.com\"},\"Action\":\"sts:AssumeRole\"}]}",
            "create_date": "2021-11-25T09:01:15Z",
            "description": "Can write vpc logs",
            "force_detach_policies": false,
            "id": "vpc-logger-role",
            "inline_policy": [
              {
                "name": "",
                "policy": ""
              }
            ],
            "managed_policy_arns": [],
            "max_session_duration": 3600,
            "name": "vpc-logger-role",
            "name_prefix": "",
            "path": "/",
            "permissions_boundary": null,
            "tags": {
              "Name": "vpc-logger-role"
            },
            "tags_all": {
              "Name": "vpc-logger-role"
            },
            "unique_id": "AROASBAC3SETOG6SVV5LU"
          },
          "sensitive_attributes": [],
          "private": "bnVsbA=="
        }
      ]
    },
    {
      "module": "module.vpc",
      "mode": "managed",
      "type": "aws_iam_role_policy",
      "name": "cw_access_policy",
      "provider": "provider[\"registry.terraform.io/hashicorp/aws\"]",
      "instances": [
        {
          "schema_version": 0,
          "attributes": {
            "id": "vpc-logger-role:tmf-cloudwatch-access-policy",
            "name": "tmf-cloudwatch-access-policy",
            "name_prefix": null,
            "policy": "{\"Statement\":[{\"Action\":[\"logs:CreateLogGroup\",\"logs:CreateLogStream\",\"logs:PutLogEvents\",\"logs:DescribeLogGroups\",\"logs:DescribeLogStreams\"],\"Effect\":\"Allow\",\"Resource\":\"*\",\"Sid\":\"\"}],\"Version\":\"2012-10-17\"}",
            "role": "vpc-logger-role"
          },
          "sensitive_attributes": [],
          "private": "bnVsbA==",
          "dependencies": [
            "module.vpc.aws_iam_role.vpc_logger_role"
          ]
        }
      ]
    },
    {
      "module": "module.vpc",
      "mode": "managed",
      "type": "aws_internet_gateway",
      "name": "main_vpc_gw",
      "provider": "provider[\"registry.terraform.io/hashicorp/aws\"]",
      "instances": [
        {
          "schema_version": 0,
          "attributes": {
            "arn": "arn:aws:ec2:us-west-2:139592438054:internet-gateway/igw-0f69f76d176674cdf",
            "id": "igw-0f69f76d176674cdf",
            "owner_id": "139592438054",
            "tags": {
              "Name": "main-vpc-gw"
            },
            "tags_all": {
              "Name": "main-vpc-gw"
            },
            "vpc_id": "vpc-052c3ce93d2af1a6f"
          },
          "sensitive_attributes": [],
          "private": "bnVsbA==",
          "dependencies": [
            "module.vpc.aws_vpc.main_vpc"
          ]
        }
      ]
    },
    {
      "module": "module.vpc",
      "mode": "managed",
      "type": "aws_route",
      "name": "pub_route",
      "provider": "provider[\"registry.terraform.io/hashicorp/aws\"]",
      "instances": [
        {
          "schema_version": 0,
          "attributes": {
            "carrier_gateway_id": "",
            "destination_cidr_block": "0.0.0.0/0",
            "destination_ipv6_cidr_block": "",
            "destination_prefix_list_id": "",
            "egress_only_gateway_id": "",
            "gateway_id": "igw-0f69f76d176674cdf",
            "id": "r-rtb-08aef1033d27b8dd21080289494",
            "instance_id": "",
            "instance_owner_id": "",
            "local_gateway_id": "",
            "nat_gateway_id": "",
            "network_interface_id": "",
            "origin": "CreateRoute",
            "route_table_id": "rtb-08aef1033d27b8dd2",
            "state": "active",
            "timeouts": null,
            "transit_gateway_id": "",
            "vpc_endpoint_id": "",
            "vpc_peering_connection_id": ""
          },
          "sensitive_attributes": [],
          "private": "eyJlMmJmYjczMC1lY2FhLTExZTYtOGY4OC0zNDM2M2JjN2M0YzAiOnsiY3JlYXRlIjoxMjAwMDAwMDAwMDAsImRlbGV0ZSI6MzAwMDAwMDAwMDAwLCJ1cGRhdGUiOjEyMDAwMDAwMDAwMH19",
          "dependencies": [
            "module.vpc.aws_internet_gateway.main_vpc_gw",
            "module.vpc.aws_route_table.pub_route_tbl",
            "module.vpc.aws_vpc.main_vpc"
          ]
        }
      ]
    },
    {
      "module": "module.vpc",
      "mode": "managed",
      "type": "aws_route_table",
      "name": "pub_route_tbl",
      "provider": "provider[\"registry.terraform.io/hashicorp/aws\"]",
      "instances": [
        {
          "schema_version": 0,
          "attributes": {
            "arn": "arn:aws:ec2:us-west-2:139592438054:route-table/rtb-08aef1033d27b8dd2",
            "id": "rtb-08aef1033d27b8dd2",
            "owner_id": "139592438054",
            "propagating_vgws": [],
            "route": [],
            "tags": {
              "Name": "pub-route-table"
            },
            "tags_all": {
              "Name": "pub-route-table"
            },
            "timeouts": null,
            "vpc_id": "vpc-052c3ce93d2af1a6f"
          },
          "sensitive_attributes": [],
          "private": "eyJlMmJmYjczMC1lY2FhLTExZTYtOGY4OC0zNDM2M2JjN2M0YzAiOnsiY3JlYXRlIjoxMjAwMDAwMDAwMDAsImRlbGV0ZSI6MzAwMDAwMDAwMDAwLCJ1cGRhdGUiOjEyMDAwMDAwMDAwMH19",
          "dependencies": [
            "module.vpc.aws_vpc.main_vpc"
          ]
        }
      ]
    },
    {
      "module": "module.vpc",
      "mode": "managed",
      "type": "aws_route_table_association",
      "name": "pub_subnet_rt_associattion",
      "provider": "provider[\"registry.terraform.io/hashicorp/aws\"]",
      "instances": [
        {
          "index_key": 0,
          "schema_version": 0,
          "attributes": {
            "gateway_id": "",
            "id": "rtbassoc-0d2b7dee4920024c2",
            "route_table_id": "rtb-08aef1033d27b8dd2",
            "subnet_id": "subnet-059e8273ad9858fca"
          },
          "sensitive_attributes": [],
          "private": "bnVsbA==",
          "dependencies": [
            "data.aws_availability_zones.current_azs",
            "module.vpc.aws_route_table.pub_route_tbl",
            "module.vpc.aws_subnet.pub_subnets",
            "module.vpc.aws_vpc.main_vpc"
          ]
        },
        {
          "index_key": 1,
          "schema_version": 0,
          "attributes": {
            "gateway_id": "",
            "id": "rtbassoc-06f01e91e3a2ff1ea",
            "route_table_id": "rtb-08aef1033d27b8dd2",
            "subnet_id": "subnet-003ddb869054c9e2b"
          },
          "sensitive_attributes": [],
          "private": "bnVsbA==",
          "dependencies": [
            "data.aws_availability_zones.current_azs",
            "module.vpc.aws_route_table.pub_route_tbl",
            "module.vpc.aws_subnet.pub_subnets",
            "module.vpc.aws_vpc.main_vpc"
          ]
        }
      ]
    },
    {
      "module": "module.vpc",
      "mode": "managed",
      "type": "aws_security_group",
      "name": "pub_alb_sg",
      "provider": "provider[\"registry.terraform.io/hashicorp/aws\"]",
      "instances": [
        {
          "schema_version": 1,
          "attributes": {
            "arn": "arn:aws:ec2:us-west-2:139592438054:security-group/sg-0163e68447ae5d302",
            "description": "Security group for public ALB",
            "egress": [
              {
                "cidr_blocks": [
                  "0.0.0.0/0"
                ],
                "description": "",
                "from_port": 0,
                "ipv6_cidr_blocks": [],
                "prefix_list_ids": [],
                "protocol": "-1",
                "security_groups": [],
                "self": false,
                "to_port": 0
              }
            ],
            "id": "sg-0163e68447ae5d302",
            "ingress": [
              {
                "cidr_blocks": [
                  "0.0.0.0/0"
                ],
                "description": "Allow public HTTP traffic",
                "from_port": 80,
                "ipv6_cidr_blocks": [],
                "prefix_list_ids": [],
                "protocol": "tcp",
                "security_groups": [],
                "self": false,
                "to_port": 80
              }
            ],
            "name": "pub-alb-sg",
            "name_prefix": "",
            "owner_id": "139592438054",
            "revoke_rules_on_delete": false,
            "tags": {
              "Name": "pub-alb-sg"
            },
            "tags_all": {
              "Name": "pub-alb-sg"
            },
            "timeouts": null,
            "vpc_id": "vpc-052c3ce93d2af1a6f"
          },
          "sensitive_attributes": [],
          "private": "eyJlMmJmYjczMC1lY2FhLTExZTYtOGY4OC0zNDM2M2JjN2M0YzAiOnsiY3JlYXRlIjo2MDAwMDAwMDAwMDAsImRlbGV0ZSI6OTAwMDAwMDAwMDAwfSwic2NoZW1hX3ZlcnNpb24iOiIxIn0=",
          "dependencies": [
            "module.vpc.aws_vpc.main_vpc"
          ]
        }
      ]
    },
    {
      "module": "module.vpc",
      "mode": "managed",
      "type": "aws_subnet",
      "name": "pub_subnets",
      "provider": "provider[\"registry.terraform.io/hashicorp/aws\"]",
      "instances": [
        {
          "index_key": 0,
          "schema_version": 1,
          "attributes": {
            "arn": "arn:aws:ec2:us-west-2:139592438054:subnet/subnet-059e8273ad9858fca",
            "assign_ipv6_address_on_creation": false,
            "availability_zone": "us-west-2a",
            "availability_zone_id": "usw2-az2",
            "cidr_block": "10.0.0.0/24",
            "customer_owned_ipv4_pool": "",
            "id": "subnet-059e8273ad9858fca",
            "ipv6_cidr_block": "",
            "ipv6_cidr_block_association_id": "",
            "map_customer_owned_ip_on_launch": false,
            "map_public_ip_on_launch": false,
            "outpost_arn": "",
            "owner_id": "139592438054",
            "tags": {
              "Name": "subnet-ui-2a"
            },
            "tags_all": {
              "Name": "subnet-ui-2a"
            },
            "timeouts": null,
            "vpc_id": "vpc-052c3ce93d2af1a6f"
          },
          "sensitive_attributes": [],
          "private": "eyJlMmJmYjczMC1lY2FhLTExZTYtOGY4OC0zNDM2M2JjN2M0YzAiOnsiY3JlYXRlIjo2MDAwMDAwMDAwMDAsImRlbGV0ZSI6MTIwMDAwMDAwMDAwMH0sInNjaGVtYV92ZXJzaW9uIjoiMSJ9",
          "dependencies": [
            "data.aws_availability_zones.current_azs",
            "module.vpc.aws_vpc.main_vpc"
          ]
        },
        {
          "index_key": 1,
          "schema_version": 1,
          "attributes": {
            "arn": "arn:aws:ec2:us-west-2:139592438054:subnet/subnet-003ddb869054c9e2b",
            "assign_ipv6_address_on_creation": false,
            "availability_zone": "us-west-2b",
            "availability_zone_id": "usw2-az1",
            "cidr_block": "10.0.1.0/24",
            "customer_owned_ipv4_pool": "",
            "id": "subnet-003ddb869054c9e2b",
            "ipv6_cidr_block": "",
            "ipv6_cidr_block_association_id": "",
            "map_customer_owned_ip_on_launch": false,
            "map_public_ip_on_launch": false,
            "outpost_arn": "",
            "owner_id": "139592438054",
            "tags": {
              "Name": "subnet-ui-2b"
            },
            "tags_all": {
              "Name": "subnet-ui-2b"
            },
            "timeouts": null,
            "vpc_id": "vpc-052c3ce93d2af1a6f"
          },
          "sensitive_attributes": [],
          "private": "eyJlMmJmYjczMC1lY2FhLTExZTYtOGY4OC0zNDM2M2JjN2M0YzAiOnsiY3JlYXRlIjo2MDAwMDAwMDAwMDAsImRlbGV0ZSI6MTIwMDAwMDAwMDAwMH0sInNjaGVtYV92ZXJzaW9uIjoiMSJ9",
          "dependencies": [
            "data.aws_availability_zones.current_azs",
            "module.vpc.aws_vpc.main_vpc"
          ]
        }
      ]
    },
    {
      "module": "module.vpc",
      "mode": "managed",
      "type": "aws_vpc",
      "name": "main_vpc",
      "provider": "provider[\"registry.terraform.io/hashicorp/aws\"]",
      "instances": [
        {
          "schema_version": 1,
          "attributes": {
            "arn": "arn:aws:ec2:us-west-2:139592438054:vpc/vpc-052c3ce93d2af1a6f",
            "assign_generated_ipv6_cidr_block": false,
            "cidr_block": "10.0.0.0/16",
            "default_network_acl_id": "acl-08238d6b1468fe401",
            "default_route_table_id": "rtb-0183f640da2be2974",
            "default_security_group_id": "sg-040190f2fa59b8b17",
            "dhcp_options_id": "dopt-e3d4ac9b",
            "enable_classiclink": false,
            "enable_classiclink_dns_support": false,
            "enable_dns_hostnames": true,
            "enable_dns_support": true,
            "id": "vpc-052c3ce93d2af1a6f",
            "instance_tenancy": "default",
            "ipv6_association_id": "",
            "ipv6_cidr_block": "",
            "main_route_table_id": "rtb-0183f640da2be2974",
            "owner_id": "139592438054",
            "tags": {
              "Name": "main-vpc"
            },
            "tags_all": {
              "Name": "main-vpc"
            }
          },
          "sensitive_attributes": [],
          "private": "eyJzY2hlbWFfdmVyc2lvbiI6IjEifQ=="
        }
      ]
    }
  ]
}
